
Microsoft Visual Studio Solution File, Format Version 12.00
# Visual Studio Version 17
VisualStudioVersion = 17.9.34723.18
MinimumVisualStudioVersion = 10.0.40219.1
Project("{2150E333-8FDC-42A3-9474-1A3956D46DE8}") = "Source", "Source", "{791AD014-1D07-403F-90EA-A061DF729353}"
EndProject
Project("{2150E333-8FDC-42A3-9474-1A3956D46DE8}") = "WebApi", "WebApi", "{98A6EA81-300B-4317-AA44-C435270D2A35}"
EndProject
Project("{2150E333-8FDC-42A3-9474-1A3956D46DE8}") = "Infrastructure", "Infrastructure", "{FEDB0B2C-5A00-44CB-8A77-86B0B867E9B5}"
EndProject
Project("{2150E333-8FDC-42A3-9474-1A3956D46DE8}") = "Core", "Core", "{1B6FFE28-6A70-44B4-9185-9E48F343529C}"
EndProject
Project("{9A19103F-16F7-4668-BE54-9A1E7A4F7556}") = "CodeForge", "CodeForge\CodeForge.csproj", "{00E8A026-A467-445B-B6BD-72D4C75961E3}"
EndProject
Project("{9A19103F-16F7-4668-BE54-9A1E7A4F7556}") = "Application", "Application\Application.csproj", "{F4BC7598-7DE4-4BEF-85DE-7DE01143926D}"
EndProject
Project("{9A19103F-16F7-4668-BE54-9A1E7A4F7556}") = "Domain", "Domain\Domain.csproj", "{C23680CE-5611-48D8-9F31-B930802B22DC}"
EndProject
Project("{9A19103F-16F7-4668-BE54-9A1E7A4F7556}") = "Infrastructure.Persistence", "Infrastructure.Persistence\Infrastructure.Persistence.csproj", "{857B711E-4760-4B2F-8F73-EB8E8FEA720B}"
EndProject
Project("{9A19103F-16F7-4668-BE54-9A1E7A4F7556}") = "Infrastructure.Identity", "Infrastructure.Identity\Infrastructure.Identity.csproj", "{604DA090-AE9A-431E-A8CA-CCE97BF39CE3}"
EndProject
Project("{9A19103F-16F7-4668-BE54-9A1E7A4F7556}") = "Infrastructure.Shared", "Infrastructure.Shared\Infrastructure.Shared.csproj", "{1123F252-DD8A-4852-827F-2C1F27FCB86F}"
EndProject
Project("{9A19103F-16F7-4668-BE54-9A1E7A4F7556}") = "Domain.Identity", "Domain.Identity\Domain.Identity.csproj", "{A9E5C534-D931-4ECD-B48C-5695A85188CB}"
EndProject
Global
	GlobalSection(SolutionConfigurationPlatforms) = preSolution
		Debug|Any CPU = Debug|Any CPU
		Release|Any CPU = Release|Any CPU
	EndGlobalSection
	GlobalSection(ProjectConfigurationPlatforms) = postSolution
		{00E8A026-A467-445B-B6BD-72D4C75961E3}.Debug|Any CPU.ActiveCfg = Debug|Any CPU
		{00E8A026-A467-445B-B6BD-72D4C75961E3}.Debug|Any CPU.Build.0 = Debug|Any CPU
		{00E8A026-A467-445B-B6BD-72D4C75961E3}.Release|Any CPU.ActiveCfg = Release|Any CPU
		{00E8A026-A467-445B-B6BD-72D4C75961E3}.Release|Any CPU.Build.0 = Release|Any CPU
		{F4BC7598-7DE4-4BEF-85DE-7DE01143926D}.Debug|Any CPU.ActiveCfg = Debug|Any CPU
		{F4BC7598-7DE4-4BEF-85DE-7DE01143926D}.Debug|Any CPU.Build.0 = Debug|Any CPU
		{F4BC7598-7DE4-4BEF-85DE-7DE01143926D}.Release|Any CPU.ActiveCfg = Release|Any CPU
		{F4BC7598-7DE4-4BEF-85DE-7DE01143926D}.Release|Any CPU.Build.0 = Release|Any CPU
		{C23680CE-5611-48D8-9F31-B930802B22DC}.Debug|Any CPU.ActiveCfg = Debug|Any CPU
		{C23680CE-5611-48D8-9F31-B930802B22DC}.Debug|Any CPU.Build.0 = Debug|Any CPU
		{C23680CE-5611-48D8-9F31-B930802B22DC}.Release|Any CPU.ActiveCfg = Release|Any CPU
		{C23680CE-5611-48D8-9F31-B930802B22DC}.Release|Any CPU.Build.0 = Release|Any CPU
		{857B711E-4760-4B2F-8F73-EB8E8FEA720B}.Debug|Any CPU.ActiveCfg = Debug|Any CPU
		{857B711E-4760-4B2F-8F73-EB8E8FEA720B}.Debug|Any CPU.Build.0 = Debug|Any CPU
		{857B711E-4760-4B2F-8F73-EB8E8FEA720B}.Release|Any CPU.ActiveCfg = Release|Any CPU
		{857B711E-4760-4B2F-8F73-EB8E8FEA720B}.Release|Any CPU.Build.0 = Release|Any CPU
		{604DA090-AE9A-431E-A8CA-CCE97BF39CE3}.Debug|Any CPU.ActiveCfg = Debug|Any CPU
		{604DA090-AE9A-431E-A8CA-CCE97BF39CE3}.Debug|Any CPU.Build.0 = Debug|Any CPU
		{604DA090-AE9A-431E-A8CA-CCE97BF39CE3}.Release|Any CPU.ActiveCfg = Release|Any CPU
		{604DA090-AE9A-431E-A8CA-CCE97BF39CE3}.Release|Any CPU.Build.0 = Release|Any CPU
		{1123F252-DD8A-4852-827F-2C1F27FCB86F}.Debug|Any CPU.ActiveCfg = Debug|Any CPU
		{1123F252-DD8A-4852-827F-2C1F27FCB86F}.Debug|Any CPU.Build.0 = Debug|Any CPU
		{1123F252-DD8A-4852-827F-2C1F27FCB86F}.Release|Any CPU.ActiveCfg = Release|Any CPU
		{1123F252-DD8A-4852-827F-2C1F27FCB86F}.Release|Any CPU.Build.0 = Release|Any CPU
		{A9E5C534-D931-4ECD-B48C-5695A85188CB}.Debug|Any CPU.ActiveCfg = Debug|Any CPU
		{A9E5C534-D931-4ECD-B48C-5695A85188CB}.Debug|Any CPU.Build.0 = Debug|Any CPU
		{A9E5C534-D931-4ECD-B48C-5695A85188CB}.Release|Any CPU.ActiveCfg = Release|Any CPU
		{A9E5C534-D931-4ECD-B48C-5695A85188CB}.Release|Any CPU.Build.0 = Release|Any CPU
	EndGlobalSection
	GlobalSection(SolutionProperties) = preSolution
		HideSolutionNode = FALSE
	EndGlobalSection
	GlobalSection(NestedProjects) = preSolution
		{98A6EA81-300B-4317-AA44-C435270D2A35} = {791AD014-1D07-403F-90EA-A061DF729353}
		{FEDB0B2C-5A00-44CB-8A77-86B0B867E9B5} = {791AD014-1D07-403F-90EA-A061DF729353}
		{1B6FFE28-6A70-44B4-9185-9E48F343529C} = {791AD014-1D07-403F-90EA-A061DF729353}
		{00E8A026-A467-445B-B6BD-72D4C75961E3} = {98A6EA81-300B-4317-AA44-C435270D2A35}
		{F4BC7598-7DE4-4BEF-85DE-7DE01143926D} = {1B6FFE28-6A70-44B4-9185-9E48F343529C}
		{C23680CE-5611-48D8-9F31-B930802B22DC} = {1B6FFE28-6A70-44B4-9185-9E48F343529C}
		{857B711E-4760-4B2F-8F73-EB8E8FEA720B} = {FEDB0B2C-5A00-44CB-8A77-86B0B867E9B5}
		{604DA090-AE9A-431E-A8CA-CCE97BF39CE3} = {FEDB0B2C-5A00-44CB-8A77-86B0B867E9B5}
		{1123F252-DD8A-4852-827F-2C1F27FCB86F} = {FEDB0B2C-5A00-44CB-8A77-86B0B867E9B5}
		{A9E5C534-D931-4ECD-B48C-5695A85188CB} = {1B6FFE28-6A70-44B4-9185-9E48F343529C}
	EndGlobalSection
	GlobalSection(ExtensibilityGlobals) = postSolution
		SolutionGuid = {59694677-0B3A-489D-BB95-95D32D9EFFD3}
	EndGlobalSection
EndGlobal
